Microsoft Visual Studio Solution File, Format Version 8.00
Project("{8BC9CEB8-8B4A-11D0-8D11-00A0C91BC942}") = "COMTrace", "COMTrace.vcproj", "{D647F3B4-E48F-46A7-80C6-A0FB053326A1}"
	ProjectSection(ProjectDependencies) = postProject
	EndProjectSection
EndProject
Project("{8BC9CEB8-8B4A-11D0-8D11-00A0C91BC942}") = "Core", "..\Lib\Core\Core.vcproj", "{790BC113-52FB-4565-8968-79B8B011C520}"
	ProjectSection(ProjectDependencies) = postProject
	EndProjectSection
EndProject
Project("{8BC9CEB8-8B4A-11D0-8D11-00A0C91BC942}") = "Wcl", "..\Lib\WCL\Wcl.vcproj", "{9B0335B6-93BE-4604-8497-27431874D758}"
	ProjectSection(ProjectDependencies) = postProject
	EndProjectSection
EndProject
Project("{8BC9CEB8-8B4A-11D0-8D11-00A0C91BC942}") = "COM", "..\Lib\COM\COM.vcproj", "{A5573046-6334-4DDA-94B5-EA329D0B4124}"
	ProjectSection(ProjectDependencies) = postProject
	EndProjectSection
EndProject
Project("{8BC9CEB8-8B4A-11D0-8D11-00A0C91BC942}") = "Test", "Test\Test.vcproj", "{0F363877-6D64-4609-B522-8C251D83C2BD}"
	ProjectSection(ProjectDependencies) = postProject
	EndProjectSection
EndProject
Global
	GlobalSection(DPCodeReviewSolutionGUID) = preSolution
		DPCodeReviewSolutionGUID = {00000000-0000-0000-0000-000000000000}
	EndGlobalSection
	GlobalSection(SourceCodeControl) = preSolution
		SccNumberOfProjects = 6
		SccProjectUniqueName0 = COMTrace.vcproj
		SccLocalPath0 = .
		CanCheckoutShared = true
		SccProjectUniqueName1 = ..\\Lib\\Core\\Core.vcproj
		SccProjectName1 = \u0022$/Win32/Lib/Core\u0022,\u0020QWDAAAAA
		SccLocalPath1 = ..\\Lib\\Core
		CanCheckoutShared = true
		SccProjectUniqueName2 = ..\\Lib\\WCL\\Wcl.vcproj
		SccProjectName2 = \u0022$/Win32/Lib/WCL\u0022,\u0020HPAAAAAA
		SccLocalPath2 = ..\\Lib\\WCL
		CanCheckoutShared = true
		SccProjectUniqueName3 = ..\\Lib\\COM\\COM.vcproj
		SccProjectName3 = \u0022$/Win32/Lib/COM\u0022,\u0020FCEAAAAA
		SccLocalPath3 = ..\\Lib\\COM
		CanCheckoutShared = true
		SccProjectUniqueName4 = Test\\Test.vcproj
		SccProjectName4 = \u0022$/Win32/COMTrace/Test\u0022,\u0020EDEAAAAA
		SccLocalPath4 = Test
		CanCheckoutShared = true
		SccLocalPath5 = .
		CanCheckoutShared = true
		SolutionUniqueID = {76A30832-8DA9-452B-8CF6-043EBA34290D}
	EndGlobalSection
	GlobalSection(SolutionConfiguration) = preSolution
		Debug = Debug
		Release = Release
	EndGlobalSection
	GlobalSection(ProjectDependencies) = postSolution
	EndGlobalSection
	GlobalSection(ProjectConfiguration) = postSolution
		{D647F3B4-E48F-46A7-80C6-A0FB053326A1}.Debug.ActiveCfg = Debug|Win32
		{D647F3B4-E48F-46A7-80C6-A0FB053326A1}.Debug.Build.0 = Debug|Win32
		{D647F3B4-E48F-46A7-80C6-A0FB053326A1}.Release.ActiveCfg = Release|Win32
		{D647F3B4-E48F-46A7-80C6-A0FB053326A1}.Release.Build.0 = Release|Win32
		{790BC113-52FB-4565-8968-79B8B011C520}.Debug.ActiveCfg = Debug|Win32
		{790BC113-52FB-4565-8968-79B8B011C520}.Debug.Build.0 = Debug|Win32
		{790BC113-52FB-4565-8968-79B8B011C520}.Release.ActiveCfg = Release|Win32
		{790BC113-52FB-4565-8968-79B8B011C520}.Release.Build.0 = Release|Win32
		{9B0335B6-93BE-4604-8497-27431874D758}.Debug.ActiveCfg = Debug|Win32
		{9B0335B6-93BE-4604-8497-27431874D758}.Debug.Build.0 = Debug|Win32
		{9B0335B6-93BE-4604-8497-27431874D758}.Release.ActiveCfg = Release|Win32
		{9B0335B6-93BE-4604-8497-27431874D758}.Release.Build.0 = Release|Win32
		{A5573046-6334-4DDA-94B5-EA329D0B4124}.Debug.ActiveCfg = Debug|Win32
		{A5573046-6334-4DDA-94B5-EA329D0B4124}.Debug.Build.0 = Debug|Win32
		{A5573046-6334-4DDA-94B5-EA329D0B4124}.Release.ActiveCfg = Release|Win32
		{A5573046-6334-4DDA-94B5-EA329D0B4124}.Release.Build.0 = Release|Win32
		{0F363877-6D64-4609-B522-8C251D83C2BD}.Debug.ActiveCfg = Debug|Win32
		{0F363877-6D64-4609-B522-8C251D83C2BD}.Debug.Build.0 = Debug|Win32
		{0F363877-6D64-4609-B522-8C251D83C2BD}.Release.ActiveCfg = Release|Win32
		{0F363877-6D64-4609-B522-8C251D83C2BD}.Release.Build.0 = Release|Win32
	EndGlobalSection
	GlobalSection(ExtensibilityGlobals) = postSolution
	EndGlobalSection
	GlobalSection(ExtensibilityAddIns) = postSolution
	EndGlobalSection
EndGlobal
